// !$*UTF8*$!
{
	archiveVersion = 1;
	classes = {
	};
	objectVersion = 56;
	objects = {

/* Begin PBXBuildFile section */
		531EE67E296D86C200421EC9 /* OnBoarding1View.swift in Sources */ = {isa = PBXBuildFile; fileRef = 531EE67D296D86C200421EC9 /* OnBoarding1View.swift */; };
		531EE680296D86CD00421EC9 /* OnBoarding2View.swift in Sources */ = {isa = PBXBuildFile; fileRef = 531EE67F296D86CD00421EC9 /* OnBoarding2View.swift */; };
		53A522B7296C3FB10073B5C1 /* WordPlusApp.swift in Sources */ = {isa = PBXBuildFile; fileRef = 53A522B6296C3FB10073B5C1 /* WordPlusApp.swift */; };
		53A522B9296C3FB10073B5C1 /* HomeView.swift in Sources */ = {isa = PBXBuildFile; fileRef = 53A522B8296C3FB10073B5C1 /* HomeView.swift */; };
		53A522BB296C3FB30073B5C1 /* Assets.xcassets in Resources */ = {isa = PBXBuildFile; fileRef = 53A522BA296C3FB30073B5C1 /* Assets.xcassets */; };
		53A522BE296C3FB30073B5C1 /* Preview Assets.xcassets in Resources */ = {isa = PBXBuildFile; fileRef = 53A522BD296C3FB30073B5C1 /* Preview Assets.xcassets */; };
		53A522C8296C3FB30073B5C1 /* WordPlusTests.swift in Sources */ = {isa = PBXBuildFile; fileRef = 53A522C7296C3FB30073B5C1 /* WordPlusTests.swift */; };
		53A522D2296C3FB30073B5C1 /* WordPlusUITests.swift in Sources */ = {isa = PBXBuildFile; fileRef = 53A522D1296C3FB30073B5C1 /* WordPlusUITests.swift */; };
		53A522D4296C3FB30073B5C1 /* WordPlusUITestsLaunchTests.swift in Sources */ = {isa = PBXBuildFile; fileRef = 53A522D3296C3FB30073B5C1 /* WordPlusUITestsLaunchTests.swift */; };
		53A522E1296C56B00073B5C1 /* 40448-select-your-language.json in Resources */ = {isa = PBXBuildFile; fileRef = 53A522E0296C56B00073B5C1 /* 40448-select-your-language.json */; };
		53A522E3296C56C40073B5C1 /* 67614-landing-page-element-animation.json in Resources */ = {isa = PBXBuildFile; fileRef = 53A522E2296C56C40073B5C1 /* 67614-landing-page-element-animation.json */; };
		A06771BB296D90E900DF0E77 /* Realm in Frameworks */ = {isa = PBXBuildFile; productRef = A06771BA296D90E900DF0E77 /* Realm */; };
		A06771BD296D90E900DF0E77 /* RealmSwift in Frameworks */ = {isa = PBXBuildFile; productRef = A06771BC296D90E900DF0E77 /* RealmSwift */; };
		A06771BF296D927B00DF0E77 /* RealmManager.swift in Sources */ = {isa = PBXBuildFile; fileRef = A06771BE296D927B00DF0E77 /* RealmManager.swift */; };
		A06771C1296D949300DF0E77 /* Model.swift in Sources */ = {isa = PBXBuildFile; fileRef = A06771C0296D949300DF0E77 /* Model.swift */; };
		A06771C4296DAA1100DF0E77 /* Localizable.strings in Resources */ = {isa = PBXBuildFile; fileRef = A06771C6296DAA1100DF0E77 /* Localizable.strings */; };
		A0CB12E0296C5A3D007522EC /* Lottie in Frameworks */ = {isa = PBXBuildFile; productRef = A0CB12DF296C5A3D007522EC /* Lottie */; };
		A0CB12E2296C5AE5007522EC /* LottieView.swift in Sources */ = {isa = PBXBuildFile; fileRef = A0CB12E1296C5AE4007522EC /* LottieView.swift */; };
		A0CF7BC7296C49D5007A8CD7 /* RowView.swift in Sources */ = {isa = PBXBuildFile; fileRef = A0CF7BC6296C49D5007A8CD7 /* RowView.swift */; };
		A0CF7BC9296C51EF007A8CD7 /* AddView.swift in Sources */ = {isa = PBXBuildFile; fileRef = A0CF7BC8296C51EF007A8CD7 /* AddView.swift */; };
/* End PBXBuildFile section */

/* Begin PBXContainerItemProxy section */
		53A522C4296C3FB30073B5C1 /* PBXContainerItemProxy */ = {
			isa = PBXContainerItemProxy;
			containerPortal = 53A522AB296C3FB10073B5C1 /* Project object */;
			proxyType = 1;
			remoteGlobalIDString = 53A522B2296C3FB10073B5C1;
			remoteInfo = WordPlus;
		};
		53A522CE296C3FB30073B5C1 /* PBXContainerItemProxy */ = {
			isa = PBXContainerItemProxy;
			containerPortal = 53A522AB296C3FB10073B5C1 /* Project object */;
			proxyType = 1;
			remoteGlobalIDString = 53A522B2296C3FB10073B5C1;
			remoteInfo = WordPlus;
		};
/* End PBXContainerItemProxy section */

/* Begin PBXFileReference section */
		531EE67D296D86C200421EC9 /* OnBoarding1View.swift */ = {isa = PBXFileReference; lastKnownFileType = sourcecode.swift; path = OnBoarding1View.swift; sourceTree = "<group>"; };
		531EE67F296D86CD00421EC9 /* OnBoarding2View.swift */ = {isa = PBXFileReference; lastKnownFileType = sourcecode.swift; path = OnBoarding2View.swift; sourceTree = "<group>"; };
		53A522B3296C3FB10073B5C1 /* WordPlus.app */ = {isa = PBXFileReference; explicitFileType = wrapper.application; includeInIndex = 0; path = WordPlus.app; sourceTree = BUILT_PRODUCTS_DIR; };
		53A522B6296C3FB10073B5C1 /* WordPlusApp.swift */ = {isa = PBXFileReference; lastKnownFileType = sourcecode.swift; path = WordPlusApp.swift; sourceTree = "<group>"; };
		53A522B8296C3FB10073B5C1 /* HomeView.swift */ = {isa = PBXFileReference; lastKnownFileType = sourcecode.swift; path = HomeView.swift; sourceTree = "<group>"; };
		53A522BA296C3FB30073B5C1 /* Assets.xcassets */ = {isa = PBXFileReference; lastKnownFileType = folder.assetcatalog; path = Assets.xcassets; sourceTree = "<group>"; };
		53A522BD296C3FB30073B5C1 /* Preview Assets.xcassets */ = {isa = PBXFileReference; lastKnownFileType = folder.assetcatalog; path = "Preview Assets.xcassets"; sourceTree = "<group>"; };
		53A522C3296C3FB30073B5C1 /* WordPlusTests.xctest */ = {isa = PBXFileReference; explicitFileType = wrapper.cfbundle; includeInIndex = 0; path = WordPlusTests.xctest; sourceTree = BUILT_PRODUCTS_DIR; };
		53A522C7296C3FB30073B5C1 /* WordPlusTests.swift */ = {isa = PBXFileReference; lastKnownFileType = sourcecode.swift; path = WordPlusTests.swift; sourceTree = "<group>"; };
		53A522CD296C3FB30073B5C1 /* WordPlusUITests.xctest */ = {isa = PBXFileReference; explicitFileType = wrapper.cfbundle; includeInIndex = 0; path = WordPlusUITests.xctest; sourceTree = BUILT_PRODUCTS_DIR; };
		53A522D1296C3FB30073B5C1 /* WordPlusUITests.swift */ = {isa = PBXFileReference; lastKnownFileType = sourcecode.swift; path = WordPlusUITests.swift; sourceTree = "<group>"; };
		53A522D3296C3FB30073B5C1 /* WordPlusUITestsLaunchTests.swift */ = {isa = PBXFileReference; lastKnownFileType = sourcecode.swift; path = WordPlusUITestsLaunchTests.swift; sourceTree = "<group>"; };
		53A522E0296C56B00073B5C1 /* 40448-select-your-language.json */ = {isa = PBXFileReference; fileEncoding = 4; lastKnownFileType = text.json; path = "40448-select-your-language.json"; sourceTree = "<group>"; };
		53A522E2296C56C40073B5C1 /* 67614-landing-page-element-animation.json */ = {isa = PBXFileReference; fileEncoding = 4; lastKnownFileType = text.json; path = "67614-landing-page-element-animation.json"; sourceTree = "<group>"; };
		A06771BE296D927B00DF0E77 /* RealmManager.swift */ = {isa = PBXFileReference; lastKnownFileType = sourcecode.swift; path = RealmManager.swift; sourceTree = "<group>"; };
		A06771C0296D949300DF0E77 /* Model.swift */ = {isa = PBXFileReference; lastKnownFileType = sourcecode.swift; path = Model.swift; sourceTree = "<group>"; };
		A06771C5296DAA1100DF0E77 /* en */ = {isa = PBXFileReference; lastKnownFileType = text.plist.strings; name = en; path = en.lproj/Localizable.strings; sourceTree = "<group>"; };
		A06771C7296DAA1300DF0E77 /* ar */ = {isa = PBXFileReference; lastKnownFileType = text.plist.strings; name = ar; path = ar.lproj/Localizable.strings; sourceTree = "<group>"; };
		A0CB12E1296C5AE4007522EC /* LottieView.swift */ = {isa = PBXFileReference; fileEncoding = 4; lastKnownFileType = sourcecode.swift; path = LottieView.swift; sourceTree = "<group>"; };
		A0CF7BC6296C49D5007A8CD7 /* RowView.swift */ = {isa = PBXFileReference; lastKnownFileType = sourcecode.swift; path = RowView.swift; sourceTree = "<group>"; };
		A0CF7BC8296C51EF007A8CD7 /* AddView.swift */ = {isa = PBXFileReference; lastKnownFileType = sourcecode.swift; path = AddView.swift; sourceTree = "<group>"; };
/* End PBXFileReference section */

/* Begin PBXFrameworksBuildPhase section */
		53A522B0296C3FB10073B5C1 /* Frameworks */ = {
			isa = PBXFrameworksBuildPhase;
			buildActionMask = 2147483647;
			files = (
				A06771BD296D90E900DF0E77 /* RealmSwift in Frameworks */,
				A06771BB296D90E900DF0E77 /* Realm in Frameworks */,
				A0CB12E0296C5A3D007522EC /* Lottie in Frameworks */,
			);
			runOnlyForDeploymentPostprocessing = 0;
		};
		53A522C0296C3FB30073B5C1 /* Frameworks */ = {
			isa = PBXFrameworksBuildPhase;
			buildActionMask = 2147483647;
			files = (
			);
			runOnlyForDeploymentPostprocessing = 0;
		};
		53A522CA296C3FB30073B5C1 /* Frameworks */ = {
			isa = PBXFrameworksBuildPhase;
			buildActionMask = 2147483647;
			files = (
			);
			runOnlyForDeploymentPostprocessing = 0;
		};
/* End PBXFrameworksBuildPhase section */

/* Begin PBXGroup section */
		53A522AA296C3FB10073B5C1 = {
			isa = PBXGroup;
			children = (
				53A522B5296C3FB10073B5C1 /* WordPlus */,
				53A522C6296C3FB30073B5C1 /* WordPlusTests */,
				53A522D0296C3FB30073B5C1 /* WordPlusUITests */,
				53A522B4296C3FB10073B5C1 /* Products */,
			);
			sourceTree = "<group>";
		};
		53A522B4296C3FB10073B5C1 /* Products */ = {
			isa = PBXGroup;
			children = (
				53A522B3296C3FB10073B5C1 /* WordPlus.app */,
				53A522C3296C3FB30073B5C1 /* WordPlusTests.xctest */,
				53A522CD296C3FB30073B5C1 /* WordPlusUITests.xctest */,
			);
			name = Products;
			sourceTree = "<group>";
		};
		53A522B5296C3FB10073B5C1 /* WordPlus */ = {
			isa = PBXGroup;
			children = (
				A06771C6296DAA1100DF0E77 /* Localizable.strings */,
				53A522B6296C3FB10073B5C1 /* WordPlusApp.swift */,
				A0CB12E1296C5AE4007522EC /* LottieView.swift */,
				53A522B8296C3FB10073B5C1 /* HomeView.swift */,
				531EE67D296D86C200421EC9 /* OnBoarding1View.swift */,
				531EE67F296D86CD00421EC9 /* OnBoarding2View.swift */,
				A06771BE296D927B00DF0E77 /* RealmManager.swift */,
				A06771C0296D949300DF0E77 /* Model.swift */,
				A0CF7BC8296C51EF007A8CD7 /* AddView.swift */,
				A0CF7BC6296C49D5007A8CD7 /* RowView.swift */,
				53A522E0296C56B00073B5C1 /* 40448-select-your-language.json */,
				53A522E2296C56C40073B5C1 /* 67614-landing-page-element-animation.json */,
				53A522BA296C3FB30073B5C1 /* Assets.xcassets */,
				53A522BC296C3FB30073B5C1 /* Preview Content */,
			);
			path = WordPlus;
			sourceTree = "<group>";
		};
		53A522BC296C3FB30073B5C1 /* Preview Content */ = {
			isa = PBXGroup;
			children = (
				53A522BD296C3FB30073B5C1 /* Preview Assets.xcassets */,
			);
			path = "Preview Content";
			sourceTree = "<group>";
		};
		53A522C6296C3FB30073B5C1 /* WordPlusTests */ = {
			isa = PBXGroup;
			children = (
				53A522C7296C3FB30073B5C1 /* WordPlusTests.swift */,
			);
			path = WordPlusTests;
			sourceTree = "<group>";
		};
		53A522D0296C3FB30073B5C1 /* WordPlusUITests */ = {
			isa = PBXGroup;
			children = (
				53A522D1296C3FB30073B5C1 /* WordPlusUITests.swift */,
				53A522D3296C3FB30073B5C1 /* WordPlusUITestsLaunchTests.swift */,
			);
			path = WordPlusUITests;
			sourceTree = "<group>";
		};
/* End PBXGroup section */

/* Begin PBXNativeTarget section */
		53A522B2296C3FB10073B5C1 /* WordPlus */ = {
			isa = PBXNativeTarget;
			buildConfigurationList = 53A522D7296C3FB30073B5C1 /* Build configuration list for PBXNativeTarget "WordPlus" */;
			buildPhases = (
				53A522AF296C3FB10073B5C1 /* Sources */,
				53A522B0296C3FB10073B5C1 /* Frameworks */,
				53A522B1296C3FB10073B5C1 /* Resources */,
			);
			buildRules = (
			);
			dependencies = (
			);
			name = WordPlus;
			packageProductDependencies = (
				A0CB12DF296C5A3D007522EC /* Lottie */,
				A06771BA296D90E900DF0E77 /* Realm */,
				A06771BC296D90E900DF0E77 /* RealmSwift */,
			);
			productName = WordPlus;
			productReference = 53A522B3296C3FB10073B5C1 /* WordPlus.app */;
			productType = "com.apple.product-type.application";
		};
		53A522C2296C3FB30073B5C1 /* WordPlusTests */ = {
			isa = PBXNativeTarget;
			buildConfigurationList = 53A522DA296C3FB30073B5C1 /* Build configuration list for PBXNativeTarget "WordPlusTests" */;
			buildPhases = (
				53A522BF296C3FB30073B5C1 /* Sources */,
				53A522C0296C3FB30073B5C1 /* Frameworks */,
				53A522C1296C3FB30073B5C1 /* Resources */,
			);
			buildRules = (
			);
			dependencies = (
				53A522C5296C3FB30073B5C1 /* PBXTargetDependency */,
			);
			name = WordPlusTests;
			productName = WordPlusTests;
			productReference = 53A522C3296C3FB30073B5C1 /* WordPlusTests.xctest */;
			productType = "com.apple.product-type.bundle.unit-test";
		};
		53A522CC296C3FB30073B5C1 /* WordPlusUITests */ = {
			isa = PBXNativeTarget;
			buildConfigurationList = 53A522DD296C3FB30073B5C1 /* Build configuration list for PBXNativeTarget "WordPlusUITests" */;
			buildPhases = (
				53A522C9296C3FB30073B5C1 /* Sources */,
				53A522CA296C3FB30073B5C1 /* Frameworks */,
				53A522CB296C3FB30073B5C1 /* Resources */,
			);
			buildRules = (
			);
			dependencies = (
				53A522CF296C3FB30073B5C1 /* PBXTargetDependency */,
			);
			name = WordPlusUITests;
			productName = WordPlusUITests;
			productReference = 53A522CD296C3FB30073B5C1 /* WordPlusUITests.xctest */;
			productType = "com.apple.product-type.bundle.ui-testing";
		};
/* End PBXNativeTarget section */

/* Begin PBXProject section */
		53A522AB296C3FB10073B5C1 /* Project object */ = {
			isa = PBXProject;
			attributes = {
				BuildIndependentTargetsInParallel = 1;
				LastSwiftUpdateCheck = 1400;
				LastUpgradeCheck = 1400;
				TargetAttributes = {
					53A522B2296C3FB10073B5C1 = {
						CreatedOnToolsVersion = 14.0.1;
					};
					53A522C2296C3FB30073B5C1 = {
						CreatedOnToolsVersion = 14.0.1;
						TestTargetID = 53A522B2296C3FB10073B5C1;
					};
					53A522CC296C3FB30073B5C1 = {
						CreatedOnToolsVersion = 14.0.1;
						TestTargetID = 53A522B2296C3FB10073B5C1;
					};
				};
			};
			buildConfigurationList = 53A522AE296C3FB10073B5C1 /* Build configuration list for PBXProject "WordPlus" */;
			compatibilityVersion = "Xcode 14.0";
			developmentRegion = en;
			hasScannedForEncodings = 0;
			knownRegions = (
				en,
				Base,
				ar,
			);
			mainGroup = 53A522AA296C3FB10073B5C1;
			packageReferences = (
				A0CB12DE296C5A3D007522EC /* XCRemoteSwiftPackageReference "lottie-ios" */,
				A06771B9296D90E900DF0E77 /* XCRemoteSwiftPackageReference "realm-swift" */,
			);
			productRefGroup = 53A522B4296C3FB10073B5C1 /* Products */;
			projectDirPath = "";
			projectRoot = "";
			targets = (
				53A522B2296C3FB10073B5C1 /* WordPlus */,
				53A522C2296C3FB30073B5C1 /* WordPlusTests */,
				53A522CC296C3FB30073B5C1 /* WordPlusUITests */,
			);
		};
/* End PBXProject section */

/* Begin PBXResourcesBuildPhase section */
		53A522B1296C3FB10073B5C1 /* Resources */ = {
			isa = PBXResourcesBuildPhase;
			buildActionMask = 2147483647;
			files = (
				A06771C4296DAA1100DF0E77 /* Localizable.strings in Resources */,
				53A522E1296C56B00073B5C1 /* 40448-select-your-language.json in Resources */,
				53A522E3296C56C40073B5C1 /* 67614-landing-page-element-animation.json in Resources */,
				53A522BE296C3FB30073B5C1 /* Preview Assets.xcassets in Resources */,
				53A522BB296C3FB30073B5C1 /* Assets.xcassets in Resources */,
			);
			runOnlyForDeploymentPostprocessing = 0;
		};
		53A522C1296C3FB30073B5C1 /* Resources */ = {
			isa = PBXResourcesBuildPhase;
			buildActionMask = 2147483647;
			files = (
			);
			runOnlyForDeploymentPostprocessing = 0;
		};
		53A522CB296C3FB30073B5C1 /* Resources */ = {
			isa = PBXResourcesBuildPhase;
			buildActionMask = 2147483647;
			files = (
			);
			runOnlyForDeploymentPostprocessing = 0;
		};
/* End PBXResourcesBuildPhase section */

/* Begin PBXSourcesBuildPhase section */
		53A522AF296C3FB10073B5C1 /* Sources */ = {
			isa = PBXSourcesBuildPhase;
			buildActionMask = 2147483647;
			files = (
				A06771C1296D949300DF0E77 /* Model.swift in Sources */,
				A0CF7BC9296C51EF007A8CD7 /* AddView.swift in Sources */,
				A06771BF296D927B00DF0E77 /* RealmManager.swift in Sources */,
				531EE680296D86CD00421EC9 /* OnBoarding2View.swift in Sources */,
				53A522B9296C3FB10073B5C1 /* HomeView.swift in Sources */,
				A0CB12E2296C5AE5007522EC /* LottieView.swift in Sources */,
				A0CF7BC7296C49D5007A8CD7 /* RowView.swift in Sources */,
				53A522B7296C3FB10073B5C1 /* WordPlusApp.swift in Sources */,
				531EE67E296D86C200421EC9 /* OnBoarding1View.swift in Sources */,
			);
			runOnlyForDeploymentPostprocessing = 0;
		};
		53A522BF296C3FB30073B5C1 /* Sources */ = {
			isa = PBXSourcesBuildPhase;
			buildActionMask = 2147483647;
			files = (
				53A522C8296C3FB30073B5C1 /* WordPlusTests.swift in Sources */,
			);
			runOnlyForDeploymentPostprocessing = 0;
		};
		53A522C9296C3FB30073B5C1 /* Sources */ = {
			isa = PBXSourcesBuildPhase;
			buildActionMask = 2147483647;
			files = (
				53A522D4296C3FB30073B5C1 /* WordPlusUITestsLaunchTests.swift in Sources */,
				53A522D2296C3FB30073B5C1 /* WordPlusUITests.swift in Sources */,
			);
			runOnlyForDeploymentPostprocessing = 0;
		};
/* End PBXSourcesBuildPhase section */

/* Begin PBXTargetDependency section */
		53A522C5296C3FB30073B5C1 /* PBXTargetDependency */ = {
			isa = PBXTargetDependency;
			target = 53A522B2296C3FB10073B5C1 /* WordPlus */;
			targetProxy = 53A522C4296C3FB30073B5C1 /* PBXContainerItemProxy */;
		};
		53A522CF296C3FB30073B5C1 /* PBXTargetDependency */ = {
			isa = PBXTargetDependency;
			target = 53A522B2296C3FB10073B5C1 /* WordPlus */;
			targetProxy = 53A522CE296C3FB30073B5C1 /* PBXContainerItemProxy */;
		};
/* End PBXTargetDependency section */

/* Begin PBXVariantGroup section */
		A06771C6296DAA1100DF0E77 /* Localizable.strings */ = {
			isa = PBXVariantGroup;
			children = (
				A06771C5296DAA1100DF0E77 /* en */,
				A06771C7296DAA1300DF0E77 /* ar */,
			);
			name = Localizable.strings;
			sourceTree = "<group>";
		};
/* End PBXVariantGroup section */

/* Begin XCBuildConfiguration section */
		53A522D5296C3FB30073B5C1 /* Debug */ = {
			isa = XCBuildConfiguration;
			buildSettings = {
				ALWAYS_SEARCH_USER_PATHS = NO;
				CLANG_ANALYZER_NONNULL = YES;
				CLANG_ANALYZER_NUMBER_OBJECT_CONVERSION = YES_AGGRESSIVE;
				CLANG_CXX_LANGUAGE_STANDARD = "gnu++20";
				CLANG_ENABLE_MODULES = YES;
				CLANG_ENABLE_OBJC_ARC = YES;
				CLANG_ENABLE_OBJC_WEAK = YES;
				CLANG_WARN_BLOCK_CAPTURE_AUTORELEASING = YES;
				CLANG_WARN_BOOL_CONVERSION = YES;
				CLANG_WARN_COMMA = YES;
				CLANG_WARN_CONSTANT_CONVERSION = YES;
				CLANG_WARN_DEPRECATED_OBJC_IMPLEMENTATIONS = YES;
				CLANG_WARN_DIRECT_OBJC_ISA_USAGE = YES_ERROR;
				CLANG_WARN_DOCUMENTATION_COMMENTS = YES;
				CLANG_WARN_EMPTY_BODY = YES;
				CLANG_WARN_ENUM_CONVERSION = YES;
				CLANG_WARN_INFINITE_RECURSION = YES;
				CLANG_WARN_INT_CONVERSION = YES;
				CLANG_WARN_NON_LITERAL_NULL_CONVERSION = YES;
				CLANG_WARN_OBJC_IMPLICIT_RETAIN_SELF = YES;
				CLANG_WARN_OBJC_LITERAL_CONVERSION = YES;
				CLANG_WARN_OBJC_ROOT_CLASS = YES_ERROR;
				CLANG_WARN_QUOTED_INCLUDE_IN_FRAMEWORK_HEADER = YES;
				CLANG_WARN_RANGE_LOOP_ANALYSIS = YES;
				CLANG_WARN_STRICT_PROTOTYPES = YES;
				CLANG_WARN_SUSPICIOUS_MOVE = YES;
				CLANG_WARN_UNGUARDED_AVAILABILITY = YES_AGGRESSIVE;
				CLANG_WARN_UNREACHABLE_CODE = YES;
				CLANG_WARN__DUPLICATE_METHOD_MATCH = YES;
				COPY_PHASE_STRIP = NO;
				DEBUG_INFORMATION_FORMAT = dwarf;
				ENABLE_STRICT_OBJC_MSGSEND = YES;
				ENABLE_TESTABILITY = YES;
				GCC_C_LANGUAGE_STANDARD = gnu11;
				GCC_DYNAMIC_NO_PIC = NO;
				GCC_NO_COMMON_BLOCKS = YES;
				GCC_OPTIMIZATION_LEVEL = 0;
				GCC_PREPROCESSOR_DEFINITIONS = (
					"DEBUG=1",
					"$(inherited)",
				);
				GCC_WARN_64_TO_32_BIT_CONVERSION = YES;
				GCC_WARN_ABOUT_RETURN_TYPE = YES_ERROR;
				GCC_WARN_UNDECLARED_SELECTOR = YES;
				GCC_WARN_UNINITIALIZED_AUTOS = YES_AGGRESSIVE;
				GCC_WARN_UNUSED_FUNCTION = YES;
				GCC_WARN_UNUSED_VARIABLE = YES;
				IPHONEOS_DEPLOYMENT_TARGET = 16.0;
				MTL_ENABLE_DEBUG_INFO = INCLUDE_SOURCE;
				MTL_FAST_MATH = YES;
				ONLY_ACTIVE_ARCH = YES;
				SDKROOT = iphoneos;
				SWIFT_ACTIVE_COMPILATION_CONDITIONS = DEBUG;
				SWIFT_OPTIMIZATION_LEVEL = "-Onone";
			};
			name = Debug;
		};
		53A522D6296C3FB30073B5C1 /* Release */ = {
			isa = XCBuildConfiguration;
			buildSettings = {
				ALWAYS_SEARCH_USER_PATHS = NO;
				CLANG_ANALYZER_NONNULL = YES;
				CLANG_ANALYZER_NUMBER_OBJECT_CONVERSION = YES_AGGRESSIVE;
				CLANG_CXX_LANGUAGE_STANDARD = "gnu++20";
				CLANG_ENABLE_MODULES = YES;
				CLANG_ENABLE_OBJC_ARC = YES;
				CLANG_ENABLE_OBJC_WEAK = YES;
				CLANG_WARN_BLOCK_CAPTURE_AUTORELEASING = YES;
				CLANG_WARN_BOOL_CONVERSION = YES;
				CLANG_WARN_COMMA = YES;
				CLANG_WARN_CONSTANT_CONVERSION = YES;
				CLANG_WARN_DEPRECATED_OBJC_IMPLEMENTATIONS = YES;
				CLANG_WARN_DIRECT_OBJC_ISA_USAGE = YES_ERROR;
				CLANG_WARN_DOCUMENTATION_COMMENTS = YES;
				CLANG_WARN_EMPTY_BODY = YES;
				CLANG_WARN_ENUM_CONVERSION = YES;
				CLANG_WARN_INFINITE_RECURSION = YES;
				CLANG_WARN_INT_CONVERSION = YES;
				CLANG_WARN_NON_LITERAL_NULL_CONVERSION = YES;
				CLANG_WARN_OBJC_IMPLICIT_RETAIN_SELF = YES;
				CLANG_WARN_OBJC_LITERAL_CONVERSION = YES;
				CLANG_WARN_OBJC_ROOT_CLASS = YES_ERROR;
				CLANG_WARN_QUOTED_INCLUDE_IN_FRAMEWORK_HEADER = YES;
				CLANG_WARN_RANGE_LOOP_ANALYSIS = YES;
				CLANG_WARN_STRICT_PROTOTYPES = YES;
				CLANG_WARN_SUSPICIOUS_MOVE = YES;
				CLANG_WARN_UNGUARDED_AVAILABILITY = YES_AGGRESSIVE;
				CLANG_WARN_UNREACHABLE_CODE = YES;
				CLANG_WARN__DUPLICATE_METHOD_MATCH = YES;
				COPY_PHASE_STRIP = NO;
				DEBUG_INFORMATION_FORMAT = "dwarf-with-dsym";
				ENABLE_NS_ASSERTIONS = NO;
				ENABLE_STRICT_OBJC_MSGSEND = YES;
				GCC_C_LANGUAGE_STANDARD = gnu11;
				GCC_NO_COMMON_BLOCKS = YES;
				GCC_WARN_64_TO_32_BIT_CONVERSION = YES;
				GCC_WARN_ABOUT_RETURN_TYPE = YES_ERROR;
				GCC_WARN_UNDECLARED_SELECTOR = YES;
				GCC_WARN_UNINITIALIZED_AUTOS = YES_AGGRESSIVE;
				GCC_WARN_UNUSED_FUNCTION = YES;
				GCC_WARN_UNUSED_VARIABLE = YES;
				IPHONEOS_DEPLOYMENT_TARGET = 16.0;
				MTL_ENABLE_DEBUG_INFO = NO;
				MTL_FAST_MATH = YES;
				SDKROOT = iphoneos;
				SWIFT_COMPILATION_MODE = wholemodule;
				SWIFT_OPTIMIZATION_LEVEL = "-O";
				VALIDATE_PRODUCT = YES;
			};
			name = Release;
		};
		53A522D8296C3FB30073B5C1 /* Debug */ = {
			isa = XCBuildConfiguration;
			buildSettings = {
				ASSETCATALOG_COMPILER_APPICON_NAME = AppIcon;
				ASSETCATALOG_COMPILER_GLOBAL_ACCENT_COLOR_NAME = AccentColor;
				CODE_SIGN_STYLE = Automatic;
				CURRENT_PROJECT_VERSION = 1;
				DEVELOPMENT_ASSET_PATHS = "\"WordPlus/Preview Content\"";
				DEVELOPMENT_TEAM = 362VC2T297;
				ENABLE_PREVIEWS = YES;
				GENERATE_INFOPLIST_FILE = YES;
				INFOPLIST_KEY_UIApplicationSceneManifest_Generation = YES;
				INFOPLIST_KEY_UIApplicationSupportsIndirectInputEvents = YES;
				INFOPLIST_KEY_UILaunchScreen_Generation = YES;
				INFOPLIST_KEY_UISupportedInterfaceOrientations_iPad = "UIInterfaceOrientationPortrait UIInterfaceOrientationPortraitUpsideDown UIInterfaceOrientationLandscapeLeft UIInterfaceOrientationLandscapeRight";
				INFOPLIST_KEY_UISupportedInterfaceOrientations_iPhone = "UIInterfaceOrientationPortrait UIInterfaceOrientationLandscapeLeft UIInterfaceOrientationLandscapeRight";
				LD_RUNPATH_SEARCH_PATHS = (
					"$(inherited)",
					"@executable_path/Frameworks",
				);
				MARKETING_VERSION = 1.0;
				PRODUCT_BUNDLE_IDENTIFIER = defult.WordPlus;
				PRODUCT_NAME = "$(TARGET_NAME)";
				SUPPORTED_PLATFORMS = "iphoneos iphonesimulator";
				SUPPORTS_MACCATALYST = NO;
				SUPPORTS_MAC_DESIGNED_FOR_IPHONE_IPAD = NO;
				SWIFT_EMIT_LOC_STRINGS = YES;
				SWIFT_VERSION = 5.0;
				TARGETED_DEVICE_FAMILY = 1;
			};
			name = Debug;
		};
		53A522D9296C3FB30073B5C1 /* Release */ = {
			isa = XCBuildConfiguration;
			buildSettings = {
				ASSETCATALOG_COMPILER_APPICON_NAME = AppIcon;
				ASSETCATALOG_COMPILER_GLOBAL_ACCENT_COLOR_NAME = AccentColor;
				CODE_SIGN_STYLE = Automatic;
				CURRENT_PROJECT_VERSION = 1;
				DEVELOPMENT_ASSET_PATHS = "\"WordPlus/Preview Content\"";
				DEVELOPMENT_TEAM = 362VC2T297;
				ENABLE_PREVIEWS = YES;
				GENERATE_INFOPLIST_FILE = YES;
				INFOPLIST_KEY_UIApplicationSceneManifest_Generation = YES;
				INFOPLIST_KEY_UIApplicationSupportsIndirectInputEvents = YES;
				INFOPLIST_KEY_UILaunchScreen_Generation = YES;
				INFOPLIST_KEY_UISupportedInterfaceOrientations_iPad = "UIInterfaceOrientationPortrait UIInterfaceOrientationPortraitUpsideDown UIInterfaceOrientationLandscapeLeft UIInterfaceOrientationLandscapeRight";
				INFOPLIST_KEY_UISupportedInterfaceOrientations_iPhone = "UIInterfaceOrientationPortrait UIInterfaceOrientationLandscapeLeft UIInterfaceOrientationLandscapeRight";
				LD_RUNPATH_SEARCH_PATHS = (
					"$(inherited)",
					"@executable_path/Frameworks",
				);
				MARKETING_VERSION = 1.0;
				PRODUCT_BUNDLE_IDENTIFIER = defult.WordPlus;
				PRODUCT_NAME = "$(TARGET_NAME)";
				SUPPORTED_PLATFORMS = "iphoneos iphonesimulator";
				SUPPORTS_MACCATALYST = NO;
				SUPPORTS_MAC_DESIGNED_FOR_IPHONE_IPAD = NO;
				SWIFT_EMIT_LOC_STRINGS = YES;
				SWIFT_VERSION = 5.0;
				TARGETED_DEVICE_FAMILY = 1;
			};
			name = Release;
		};
		53A522DB296C3FB30073B5C1 /* Debug */ = {
			isa = XCBuildConfiguration;
			buildSettings = {
				ALWAYS_EMBED_SWIFT_STANDARD_LIBRARIES = YES;
				BUNDLE_LOADER = "$(TEST_HOST)";
				CODE_SIGN_STYLE = Automatic;
				CURRENT_PROJECT_VERSION = 1;
				DEVELOPMENT_TEAM = 362VC2T297;
				GENERATE_INFOPLIST_FILE = YES;
				IPHONEOS_DEPLOYMENT_TARGET = 16.0;
				MARKETING_VERSION = 1.0;
				PRODUCT_BUNDLE_IDENTIFIER = defult.WordPlusTests;
				PRODUCT_NAME = "$(TARGET_NAME)";
				SWIFT_EMIT_LOC_STRINGS = NO;
				SWIFT_VERSION = 5.0;
				TARGETED_DEVICE_FAMILY = "1,2";
				TEST_HOST = "$(BUILT_PRODUCTS_DIR)/WordPlus.app/$(BUNDLE_EXECUTABLE_FOLDER_PATH)/WordPlus";
			};
			name = Debug;
		};
		53A522DC296C3FB30073B5C1 /* Release */ = {
			isa = XCBuildConfiguration;
			buildSettings = {
				ALWAYS_EMBED_SWIFT_STANDARD_LIBRARIES = YES;
				BUNDLE_LOADER = "$(TEST_HOST)";
				CODE_SIGN_STYLE = Automatic;
				CURRENT_PROJECT_VERSION = 1;
				DEVELOPMENT_TEAM = 362VC2T297;
				GENERATE_INFOPLIST_FILE = YES;
				IPHONEOS_DEPLOYMENT_TARGET = 16.0;
				MARKETING_VERSION = 1.0;
				PRODUCT_BUNDLE_IDENTIFIER = defult.WordPlusTests;
				PRODUCT_NAME = "$(TARGET_NAME)";
				SWIFT_EMIT_LOC_STRINGS = NO;
				SWIFT_VERSION = 5.0;
				TARGETED_DEVICE_FAMILY = "1,2";
				TEST_HOST = "$(BUILT_PRODUCTS_DIR)/WordPlus.app/$(BUNDLE_EXECUTABLE_FOLDER_PATH)/WordPlus";
			};
			name = Release;
		};
		53A522DE296C3FB30073B5C1 /* Debug */ = {
			isa = XCBuildConfiguration;
			buildSettings = {
				ALWAYS_EMBED_SWIFT_STANDARD_LIBRARIES = YES;
				CODE_SIGN_STYLE = Automatic;
				CURRENT_PROJECT_VERSION = 1;
				DEVELOPMENT_TEAM = 362VC2T297;
				GENERATE_INFOPLIST_FILE = YES;
				MARKETING_VERSION = 1.0;
				PRODUCT_BUNDLE_IDENTIFIER = defult.WordPlusUITests;
				PRODUCT_NAME = "$(TARGET_NAME)";
				SWIFT_EMIT_LOC_STRINGS = NO;
				SWIFT_VERSION = 5.0;
				TARGETED_DEVICE_FAMILY = "1,2";
				TEST_TARGET_NAME = WordPlus;
			};
			name = Debug;
		};
		53A522DF296C3FB30073B5C1 /* Release */ = {
			isa = XCBuildConfiguration;
			buildSettings = {
				ALWAYS_EMBED_SWIFT_STANDARD_LIBRARIES = YES;
				CODE_SIGN_STYLE = Automatic;
				CURRENT_PROJECT_VERSION = 1;
				DEVELOPMENT_TEAM = 362VC2T297;
				GENERATE_INFOPLIST_FILE = YES;
				MARKETING_VERSION = 1.0;
				PRODUCT_BUNDLE_IDENTIFIER = defult.WordPlusUITests;
				PRODUCT_NAME = "$(TARGET_NAME)";
				SWIFT_EMIT_LOC_STRINGS = NO;
				SWIFT_VERSION = 5.0;
				TARGETED_DEVICE_FAMILY = "1,2";
				TEST_TARGET_NAME = WordPlus;
			};
			name = Release;
		};
/* End XCBuildConfiguration section */

/* Begin XCConfigurationList section */
		53A522AE296C3FB10073B5C1 /* Build configuration list for PBXProject "WordPlus" */ = {
			isa = XCConfigurationList;
			buildConfigurations = (
				53A522D5296C3FB30073B5C1 /* Debug */,
				53A522D6296C3FB30073B5C1 /* Release */,
			);
			defaultConfigurationIsVisible = 0;
			defaultConfigurationName = Release;
		};
		53A522D7296C3FB30073B5C1 /* Build configuration list for PBXNativeTarget "WordPlus" */ = {
			isa = XCConfigurationList;
			buildConfigurations = (
				53A522D8296C3FB30073B5C1 /* Debug */,
				53A522D9296C3FB30073B5C1 /* Release */,
			);
			defaultConfigurationIsVisible = 0;
			defaultConfigurationName = Release;
		};
		53A522DA296C3FB30073B5C1 /* Build configuration list for PBXNativeTarget "WordPlusTests" */ = {
			isa = XCConfigurationList;
			buildConfigurations = (
				53A522DB296C3FB30073B5C1 /* Debug */,
				53A522DC296C3FB30073B5C1 /* Release */,
			);
			defaultConfigurationIsVisible = 0;
			defaultConfigurationName = Release;
		};
		53A522DD296C3FB30073B5C1 /* Build configuration list for PBXNativeTarget "WordPlusUITests" */ = {
			isa = XCConfigurationList;
			buildConfigurations = (
				53A522DE296C3FB30073B5C1 /* Debug */,
				53A522DF296C3FB30073B5C1 /* Release */,
			);
			defaultConfigurationIsVisible = 0;
			defaultConfigurationName = Release;
		};
/* End XCConfigurationList section */

/* Begin XCRemoteSwiftPackageReference section */
		A06771B9296D90E900DF0E77 /* XCRemoteSwiftPackageReference "realm-swift" */ = {
			isa = XCRemoteSwiftPackageReference;
			repositoryURL = "https://github.com/realm/realm-swift.git";
			requirement = {
				branch = master;
				kind = branch;
			};
		};
		A0CB12DE296C5A3D007522EC /* XCRemoteSwiftPackageReference "lottie-ios" */ = {
			isa = XCRemoteSwiftPackageReference;
			repositoryURL = "https://github.com/airbnb/lottie-ios.git";
			requirement = {
				kind = upToNextMajorVersion;
				minimumVersion = 3.5.0;
			};
		};
/* End XCRemoteSwiftPackageReference section */

/* Begin XCSwiftPackageProductDependency section */
		A06771BA296D90E900DF0E77 /* Realm */ = {
			isa = XCSwiftPackageProductDependency;
			package = A06771B9296D90E900DF0E77 /* XCRemoteSwiftPackageReference "realm-swift" */;
			productName = Realm;
		};
		A06771BC296D90E900DF0E77 /* RealmSwift */ = {
			isa = XCSwiftPackageProductDependency;
			package = A06771B9296D90E900DF0E77 /* XCRemoteSwiftPackageReference "realm-swift" */;
			productName = RealmSwift;
		};
		A0CB12DF296C5A3D007522EC /* Lottie */ = {
			isa = XCSwiftPackageProductDependency;
			package = A0CB12DE296C5A3D007522EC /* XCRemoteSwiftPackageReference "lottie-ios" */;
			productName = Lottie;
		};
/* End XCSwiftPackageProductDependency section */
	};
	rootObject = 53A522AB296C3FB10073B5C1 /* Project object */;
}
